
Microsoft Visual Studio Solution File, Format Version 12.00
# Visual Studio Version 17
VisualStudioVersion = 17.5.33530.505
MinimumVisualStudioVersion = 10.0.40219.1
Project("{888888A0-9F3D-457C-B088-3A5042F75D52}") = "BookExamples", "BookExamples.pyproj", "{C98878DC-4733-47C1-94F2-BB5C662A53D4}"
EndProject
Global
	GlobalSection(SolutionConfigurationPlatforms) = preSolution
		Debug|Any CPU = Debug|Any CPU
		Release|Any CPU = Release|Any CPU
	EndGlobalSection
	GlobalSection(ProjectConfigurationPlatforms) = postSolution
		{C98878DC-4733-47C1-94F2-BB5C662A53D4}.Debug|Any CPU.ActiveCfg = Debug|Any CPU
		{C98878DC-4733-47C1-94F2-BB5C662A53D4}.Release|Any CPU.ActiveCfg = Release|Any CPU
	EndGlobalSection
	GlobalSection(SolutionProperties) = preSolution
		HideSolutionNode = FALSE
	EndGlobalSection
	GlobalSection(ExtensibilityGlobals) = postSolution
		SolutionGuid = {D1039E84-3561-433C-94C5-4E296AD85773}
	EndGlobalSection
EndGlobal
